
Microsoft Visual Studio Solution File, Format Version 12.00
# Visual Studio Version 16
VisualStudioVersion = 16.0.30104.148
MinimumVisualStudioVersion = 10.0.40219.1
Project("{FAE04EC0-301F-11D3-BF4B-00C04F79EFBC}") = "demoapp", "demoapp\demoapp.csproj", "{FA85169D-8EE7-42BE-BE1B-1C092C5EC17D}"
EndProject
Global
	GlobalSection(SolutionConfigurationPlatforms) = preSolution
		Debug|Any CPU = Debug|Any CPU
		Release|Any CPU = Release|Any CPU
	EndGlobalSection
	GlobalSection(ProjectConfigurationPlatforms) = postSolution
		{FA85169D-8EE7-42BE-BE1B-1C092C5EC17D}.Debug|Any CPU.ActiveCfg = Debug|Any CPU
		{FA85169D-8EE7-42BE-BE1B-1C092C5EC17D}.Debug|Any CPU.Build.0 = Debug|Any CPU
		{FA85169D-8EE7-42BE-BE1B-1C092C5EC17D}.Release|Any CPU.ActiveCfg = Release|Any CPU
		{FA85169D-8EE7-42BE-BE1B-1C092C5EC17D}.Release|Any CPU.Build.0 = Release|Any CPU
	EndGlobalSection
	GlobalSection(SolutionProperties) = preSolution
		HideSolutionNode = FALSE
	EndGlobalSection
	GlobalSection(ExtensibilityGlobals) = postSolution
		SolutionGuid = {A06174BB-9D34-42AA-8DD1-243E3746B485}
	EndGlobalSection
EndGlobal
